
Microsoft Visual Studio Solution File, Format Version 12.00
# Visual Studio Version 17
VisualStudioVersion = 17.1.32319.34
MinimumVisualStudioVersion = 10.0.40219.1
Project("{FAE04EC0-301F-11D3-BF4B-00C04F79EFBC}") = "firstlightdemo.Server", "firstlightdemo\Server\firstlightdemo.Server.csproj", "{B9DFBA32-F49E-4FEC-B256-37F8A7DF9BE9}"
EndProject
Project("{FAE04EC0-301F-11D3-BF4B-00C04F79EFBC}") = "firstlightdemo.Client", "firstlightdemo\Client\firstlightdemo.Client.csproj", "{32142C55-AAD2-4219-BEEA-9B6A5F07A8C6}"
EndProject
Project("{FAE04EC0-301F-11D3-BF4B-00C04F79EFBC}") = "firstlightdemo.Shared", "firstlightdemo\Shared\firstlightdemo.Shared.csproj", "{8D5368CC-E6BC-4B73-B51E-B6D617207489}"
EndProject
Global
	GlobalSection(SolutionConfigurationPlatforms) = preSolution
		Debug|Any CPU = Debug|Any CPU
		Release|Any CPU = Release|Any CPU
	EndGlobalSection
	GlobalSection(ProjectConfigurationPlatforms) = postSolution
		{B9DFBA32-F49E-4FEC-B256-37F8A7DF9BE9}.Debug|Any CPU.ActiveCfg = Debug|Any CPU
		{B9DFBA32-F49E-4FEC-B256-37F8A7DF9BE9}.Debug|Any CPU.Build.0 = Debug|Any CPU
		{B9DFBA32-F49E-4FEC-B256-37F8A7DF9BE9}.Release|Any CPU.ActiveCfg = Release|Any CPU
		{B9DFBA32-F49E-4FEC-B256-37F8A7DF9BE9}.Release|Any CPU.Build.0 = Release|Any CPU
		{32142C55-AAD2-4219-BEEA-9B6A5F07A8C6}.Debug|Any CPU.ActiveCfg = Debug|Any CPU
		{32142C55-AAD2-4219-BEEA-9B6A5F07A8C6}.Debug|Any CPU.Build.0 = Debug|Any CPU
		{32142C55-AAD2-4219-BEEA-9B6A5F07A8C6}.Release|Any CPU.ActiveCfg = Release|Any CPU
		{32142C55-AAD2-4219-BEEA-9B6A5F07A8C6}.Release|Any CPU.Build.0 = Release|Any CPU
		{8D5368CC-E6BC-4B73-B51E-B6D617207489}.Debug|Any CPU.ActiveCfg = Debug|Any CPU
		{8D5368CC-E6BC-4B73-B51E-B6D617207489}.Debug|Any CPU.Build.0 = Debug|Any CPU
		{8D5368CC-E6BC-4B73-B51E-B6D617207489}.Release|Any CPU.ActiveCfg = Release|Any CPU
		{8D5368CC-E6BC-4B73-B51E-B6D617207489}.Release|Any CPU.Build.0 = Release|Any CPU
	EndGlobalSection
	GlobalSection(SolutionProperties) = preSolution
		HideSolutionNode = FALSE
	EndGlobalSection
	GlobalSection(ExtensibilityGlobals) = postSolution
		SolutionGuid = {8ECA2AB2-6ABD-4FBB-9963-C7EAE0B05580}
	EndGlobalSection
EndGlobal
